{
  "lockfileVersion": 1,
  "configVersion": 1,
  "workspaces": {
    "": {
      "name": "@fyrst-order-attributes/administration",
      "devDependencies": {
        "@shopware-ag/entity-schema-types": "^6.9.0",
        "@types/node": "^24.0.7",
      },
    },
  },
  "packages": {
    "@shopware-ag/entity-schema-types": ["@shopware-ag/entity-schema-types@6.9.0", "", {}, "sha512-Olz6SAXTjGAGcHlup70+zPGzVkMFWzA4153s71NnpjYxMbaIIIoXjtxDASgQPzrD8HrfM968sHd/hz/ggkWykg=="],

    "@types/node": ["@types/node@24.10.9", "", { "dependencies": { "undici-types": "~7.16.0" } }, "sha512-ne4A0IpG3+2ETuREInjPNhUGis1SFjv1d5asp8MzEAGtOZeTeHVDOYqOgqfhvseqg/iXty2hjBf1zAOb7RNiNw=="],

    "undici-types": ["undici-types@7.16.0", "", {}, "sha512-Zz+aZWSj8LE6zoxD+xrjh4VfkIG8Ya6LvYkZqtUQGJPZjYl53ypCaUwWqo7eI0x66KBGeRo+mlBEkMSeSZ38Nw=="],
  }
}
