{
  "name": "@fyrst-order-attributes/administration",
  "version": "1.0.0",
  "lockfileVersion": 3,
  "requires": true,
  "packages": {
    "": {
      "name": "@fyrst-order-attributes/administration",
      "version": "1.0.0",
      "license": "ISC",
      "devDependencies": {
        "@shopware-ag/entity-schema-types": "^6.9.0",
        "@types/node": "^24.0.7"
      }
    },
    "node_modules/@shopware-ag/entity-schema-types": {
      "version": "6.9.0",
      "resolved": "https://registry.npmjs.org/@shopware-ag/entity-schema-types/-/entity-schema-types-6.9.0.tgz",
      "integrity": "sha512-Olz6SAXTjGAGcHlup70+zPGzVkMFWzA4153s71NnpjYxMbaIIIoXjtxDASgQPzrD8HrfM968sHd/hz/ggkWykg==",
      "dev": true,
      "license": "MIT"
    },
    "node_modules/@types/node": {
      "version": "24.13.2",
      "resolved": "https://registry.npmjs.org/@types/node/-/node-24.13.2.tgz",
      "integrity": "sha512-fRa09kZTgu8o71KFcDjUFuc7F+dEbZYZmkI0mg5YBTRs0yMKjYHsq/c0urDKeDb+D5qVgXOdFcuu+DZPKOITwA==",
      "dev": true,
      "license": "MIT",
      "dependencies": {
        "undici-types": "~7.18.0"
      }
    },
    "node_modules/undici-types": {
      "version": "7.18.2",
      "resolved": "https://registry.npmjs.org/undici-types/-/undici-types-7.18.2.tgz",
      "integrity": "sha512-AsuCzffGHJybSaRrmr5eHr81mwJU3kjw6M+uprWvCXiNeN9SOGwQ3Jn8jb8m3Z6izVgknn1R0FTCEAP2QrLY/w==",
      "dev": true,
      "license": "MIT"
    }
  }
}
